
Microsoft Visual Studio Solution File, Format Version 12.00
# Visual Studio Version 17
VisualStudioVersion = 17.1.32414.318
MinimumVisualStudioVersion = 10.0.40219.1
Project("{9A19103F-16F7-4668-BE54-9A1E7A4F7556}") = "StoreApp", "StoreApp\StoreApp.csproj", "{A6D6A199-76DA-4588-A09A-AF1D1840C17C}"
EndProject
Project("{9A19103F-16F7-4668-BE54-9A1E7A4F7556}") = "Domain", "Domain\Domain.csproj", "{C7B20332-F32F-4243-80B8-D11ADC34832C}"
EndProject
Project("{9A19103F-16F7-4668-BE54-9A1E7A4F7556}") = "Infrastructure", "Infrastructure\Infrastructure.csproj", "{2AD9C3D1-344D-4A64-B394-0CB530733BD9}"
EndProject
Project("{9A19103F-16F7-4668-BE54-9A1E7A4F7556}") = "Application", "Application\Application.csproj", "{18855CD5-8E6A-4DA2-B07A-30ECEC85C446}"
EndProject
Global
	GlobalSection(SolutionConfigurationPlatforms) = preSolution
		Debug|Any CPU = Debug|Any CPU
		Release|Any CPU = Release|Any CPU
	EndGlobalSection
	GlobalSection(ProjectConfigurationPlatforms) = postSolution
		{A6D6A199-76DA-4588-A09A-AF1D1840C17C}.Debug|Any CPU.ActiveCfg = Debug|Any CPU
		{A6D6A199-76DA-4588-A09A-AF1D1840C17C}.Debug|Any CPU.Build.0 = Debug|Any CPU
		{A6D6A199-76DA-4588-A09A-AF1D1840C17C}.Release|Any CPU.ActiveCfg = Release|Any CPU
		{A6D6A199-76DA-4588-A09A-AF1D1840C17C}.Release|Any CPU.Build.0 = Release|Any CPU
		{C7B20332-F32F-4243-80B8-D11ADC34832C}.Debug|Any CPU.ActiveCfg = Debug|Any CPU
		{C7B20332-F32F-4243-80B8-D11ADC34832C}.Debug|Any CPU.Build.0 = Debug|Any CPU
		{C7B20332-F32F-4243-80B8-D11ADC34832C}.Release|Any CPU.ActiveCfg = Release|Any CPU
		{C7B20332-F32F-4243-80B8-D11ADC34832C}.Release|Any CPU.Build.0 = Release|Any CPU
		{2AD9C3D1-344D-4A64-B394-0CB530733BD9}.Debug|Any CPU.ActiveCfg = Debug|Any CPU
		{2AD9C3D1-344D-4A64-B394-0CB530733BD9}.Debug|Any CPU.Build.0 = Debug|Any CPU
		{2AD9C3D1-344D-4A64-B394-0CB530733BD9}.Release|Any CPU.ActiveCfg = Release|Any CPU
		{2AD9C3D1-344D-4A64-B394-0CB530733BD9}.Release|Any CPU.Build.0 = Release|Any CPU
		{18855CD5-8E6A-4DA2-B07A-30ECEC85C446}.Debug|Any CPU.ActiveCfg = Debug|Any CPU
		{18855CD5-8E6A-4DA2-B07A-30ECEC85C446}.Debug|Any CPU.Build.0 = Debug|Any CPU
		{18855CD5-8E6A-4DA2-B07A-30ECEC85C446}.Release|Any CPU.ActiveCfg = Release|Any CPU
		{18855CD5-8E6A-4DA2-B07A-30ECEC85C446}.Release|Any CPU.Build.0 = Release|Any CPU
	EndGlobalSection
	GlobalSection(SolutionProperties) = preSolution
		HideSolutionNode = FALSE
	EndGlobalSection
	GlobalSection(ExtensibilityGlobals) = postSolution
		SolutionGuid = {2632BD4D-FCAC-4087-99B1-89ACDD8A6288}
	EndGlobalSection
EndGlobal
